
Microsoft Visual Studio Solution File, Format Version 12.00
# Visual Studio 15
VisualStudioVersion = 15.0.27130.2027
MinimumVisualStudioVersion = 10.0.40219.1
Project("{8BC9CEB8-8B4A-11D0-8D11-00A0C91BC942}") = "SharpDllv2", "SharpDll\SharpDll.vcxproj", "{FFF55EEC-2280-4961-B196-1D64568E698A}"
EndProject
Global
	GlobalSection(SolutionConfigurationPlatforms) = preSolution
		Debug|x64 = Debug|x64
		Debug|x86 = Debug|x86
		Release|x64 = Release|x64
		Release|x86 = Release|x86
	EndGlobalSection
	GlobalSection(ProjectConfigurationPlatforms) = postSolution
		{FFF55EEC-2280-4961-B196-1D64568E698A}.Debug|x64.ActiveCfg = Debug|x64
		{FFF55EEC-2280-4961-B196-1D64568E698A}.Debug|x64.Build.0 = Debug|x64
		{FFF55EEC-2280-4961-B196-1D64568E698A}.Debug|x86.ActiveCfg = Debug|Win32
		{FFF55EEC-2280-4961-B196-1D64568E698A}.Debug|x86.Build.0 = Debug|Win32
		{FFF55EEC-2280-4961-B196-1D64568E698A}.Release|x64.ActiveCfg = Release|x64
		{FFF55EEC-2280-4961-B196-1D64568E698A}.Release|x64.Build.0 = Release|x64
		{FFF55EEC-2280-4961-B196-1D64568E698A}.Release|x86.ActiveCfg = Release|Win32
		{FFF55EEC-2280-4961-B196-1D64568E698A}.Release|x86.Build.0 = Release|Win32
	EndGlobalSection
	GlobalSection(SolutionProperties) = preSolution
		HideSolutionNode = FALSE
	EndGlobalSection
	GlobalSection(ExtensibilityGlobals) = postSolution
		SolutionGuid = {D09EEC94-A1E1-4D93-B307-A7699654EE66}
	EndGlobalSection
EndGlobal
